<?xml version="1.0" encoding="utf-8"?>
<Project ToolsVersion="4.0" xmlns="http://schemas.microsoft.com/developer/msbuild/2003">
  <ItemGroup>
    <Filter Include="Source Files">
      <UniqueIdentifier>{4FC737F1-C7A5-4376-A066-2A32D752A2FF}</UniqueIdentifier>
      <Extensions>cpp;cxx;c;def</Extensions>
    </Filter>
    <Filter Include="Header Files">
      <UniqueIdentifier>{93995380-89BD-4b04-88EB-625FBE52EBFB}</UniqueIdentifier>
      <Extensions>h</Extensions>
    </Filter>
    <Filter Include="Form Files">
      <UniqueIdentifier>{99349809-55BA-4b9d-BF79-8FDBB0286EB3}</UniqueIdentifier>
      <Extensions>ui</Extensions>
    </Filter>
    <Filter Include="Resource Files">
      <UniqueIdentifier>{D9D6E242-F8AF-46E4-B9FD-80ECBC20BA3E}</UniqueIdentifier>
      <Extensions>qrc;*</Extensions>
      <ParseFiles>false</ParseFiles>
    </Filter>
    <Filter Include="Generated Files">
      <UniqueIdentifier>{71ED8ED8-ACB9-4CE9-BBE1-E00B30144E11}</UniqueIdentifier>
      <Extensions>moc;h;cpp</Extensions>
      <SourceControlFiles>False</SourceControlFiles>
    </Filter>
    <Filter Include="Generated Files\Debug">
      <UniqueIdentifier>{21f1ac63-2f0a-4a7c-9393-a3b48f5767fb}</UniqueIdentifier>
      <Extensions>cpp;moc</Extensions>
      <SourceControlFiles>False</SourceControlFiles>
    </Filter>
    <Filter Include="Generated Files\Release">
      <UniqueIdentifier>{7e86fe27-5c5f-463e-b48f-1d9abdf95e61}</UniqueIdentifier>
      <Extensions>cpp;moc</Extensions>
      <SourceControlFiles>False</SourceControlFiles>
    </Filter>
    <Filter Include="Resource Files\Resources">
      <UniqueIdentifier>{f2a0e293-e02a-498c-bb99-8ad1088646f1}</UniqueIdentifier>
    </Filter>
    <Filter Include="Resource Files\Resources\MetroStyle">
      <UniqueIdentifier>{f822ec47-4ab9-4580-b309-3f3145b09b09}</UniqueIdentifier>
    </Filter>
    <Filter Include="Shaders">
      <UniqueIdentifier>{0fd9072a-d95c-4af2-b14a-57fb0d2c8dd4}</UniqueIdentifier>
    </Filter>
    <Filter Include="Shaders\Terrain">
      <UniqueIdentifier>{506445f2-e752-401e-8cf1-de558bcce058}</UniqueIdentifier>
    </Filter>
  </ItemGroup>
  <ItemGroup>
    <ClCompile Include="GeneratedFiles\qrc_GEditor.cpp">
      <Filter>Generated Files</Filter>
    </ClCompile>
    <ClCompile Include="GeneratedFiles\Debug\moc_GEditor.cpp">
      <Filter>Generated Files\Debug</Filter>
    </ClCompile>
    <ClCompile Include="GeneratedFiles\Release\moc_GEditor.cpp">
      <Filter>Generated Files\Release</Filter>
    </ClCompile>
    <ClCompile Include="GeneratedFiles\Debug\moc_GEW_DecalProperty.cpp">
      <Filter>Generated Files\Debug</Filter>
    </ClCompile>
    <ClCompile Include="GeneratedFiles\Release\moc_GEW_DecalProperty.cpp">
      <Filter>Generated Files\Release</Filter>
    </ClCompile>
    <ClCompile Include="GeneratedFiles\Debug\moc_GEW_EnvironmentProbeProperty.cpp">
      <Filter>Generated Files\Debug</Filter>
    </ClCompile>
    <ClCompile Include="GeneratedFiles\Release\moc_GEW_EnvironmentProbeProperty.cpp">
      <Filter>Generated Files\Release</Filter>
    </ClCompile>
    <ClCompile Include="GeneratedFiles\Debug\moc_GEW_FlareProperty.cpp">
      <Filter>Generated Files\Debug</Filter>
    </ClCompile>
    <ClCompile Include="GeneratedFiles\Release\moc_GEW_FlareProperty.cpp">
      <Filter>Generated Files\Release</Filter>
    </ClCompile>
    <ClCompile Include="GeneratedFiles\Debug\moc_GEW_ItemList.cpp">
      <Filter>Generated Files\Debug</Filter>
    </ClCompile>
    <ClCompile Include="GeneratedFiles\Release\moc_GEW_ItemList.cpp">
      <Filter>Generated Files\Release</Filter>
    </ClCompile>
    <ClCompile Include="GeneratedFiles\Debug\moc_GEW_LightProperty.cpp">
      <Filter>Generated Files\Debug</Filter>
    </ClCompile>
    <ClCompile Include="GeneratedFiles\Release\moc_GEW_LightProperty.cpp">
      <Filter>Generated Files\Release</Filter>
    </ClCompile>
    <ClCompile Include="GeneratedFiles\Debug\moc_GEW_MaterialEditorDialog.cpp">
      <Filter>Generated Files\Debug</Filter>
    </ClCompile>
    <ClCompile Include="GeneratedFiles\Release\moc_GEW_MaterialEditorDialog.cpp">
      <Filter>Generated Files\Release</Filter>
    </ClCompile>
    <ClCompile Include="GeneratedFiles\Debug\moc_GEW_ModelProperty.cpp">
      <Filter>Generated Files\Debug</Filter>
    </ClCompile>
    <ClCompile Include="GeneratedFiles\Release\moc_GEW_ModelProperty.cpp">
      <Filter>Generated Files\Release</Filter>
    </ClCompile>
    <ClCompile Include="GeneratedFiles\Debug\moc_GEW_PostprocessProperty.cpp">
      <Filter>Generated Files\Debug</Filter>
    </ClCompile>
    <ClCompile Include="GeneratedFiles\Release\moc_GEW_PostprocessProperty.cpp">
      <Filter>Generated Files\Release</Filter>
    </ClCompile>
    <ClCompile Include="GeneratedFiles\Debug\moc_GEW_Propeties.cpp">
      <Filter>Generated Files\Debug</Filter>
    </ClCompile>
    <ClCompile Include="GeneratedFiles\Release\moc_GEW_Propeties.cpp">
      <Filter>Generated Files\Release</Filter>
    </ClCompile>
    <ClCompile Include="GeneratedFiles\Debug\moc_GEW_Prs.cpp">
      <Filter>Generated Files\Debug</Filter>
    </ClCompile>
    <ClCompile Include="GeneratedFiles\Release\moc_GEW_Prs.cpp">
      <Filter>Generated Files\Release</Filter>
    </ClCompile>
    <ClCompile Include="GeneratedFiles\Debug\moc_GEW_PxMaterialEditorDialog.cpp">
      <Filter>Generated Files\Debug</Filter>
    </ClCompile>
    <ClCompile Include="GeneratedFiles\Release\moc_GEW_PxMaterialEditorDialog.cpp">
      <Filter>Generated Files\Release</Filter>
    </ClCompile>
    <ClCompile Include="GeneratedFiles\Debug\moc_GEW_ScreenshotProperty.cpp">
      <Filter>Generated Files\Debug</Filter>
    </ClCompile>
    <ClCompile Include="GeneratedFiles\Release\moc_GEW_ScreenshotProperty.cpp">
      <Filter>Generated Files\Release</Filter>
    </ClCompile>
    <ClCompile Include="GeneratedFiles\Debug\moc_GEW_SelectItemDialog.cpp">
      <Filter>Generated Files\Debug</Filter>
    </ClCompile>
    <ClCompile Include="GeneratedFiles\Release\moc_GEW_SelectItemDialog.cpp">
      <Filter>Generated Files\Release</Filter>
    </ClCompile>
    <ClCompile Include="GeneratedFiles\Debug\moc_GEW_Setting.cpp">
      <Filter>Generated Files\Debug</Filter>
    </ClCompile>
    <ClCompile Include="GeneratedFiles\Release\moc_GEW_Setting.cpp">
      <Filter>Generated Files\Release</Filter>
    </ClCompile>
    <ClCompile Include="GeneratedFiles\Debug\moc_GEW_TerrainProperty.cpp">
      <Filter>Generated Files\Debug</Filter>
    </ClCompile>
    <ClCompile Include="GeneratedFiles\Release\moc_GEW_TerrainProperty.cpp">
      <Filter>Generated Files\Release</Filter>
    </ClCompile>
    <ClCompile Include="GeneratedFiles\Debug\moc_GEW_Viewport.cpp">
      <Filter>Generated Files\Debug</Filter>
    </ClCompile>
    <ClCompile Include="GeneratedFiles\Release\moc_GEW_Viewport.cpp">
      <Filter>Generated Files\Release</Filter>
    </ClCompile>
    <ClCompile Include="GEditor.cpp">
      <Filter>Source Files</Filter>
    </ClCompile>
    <ClCompile Include="GEW_Camera.cpp">
      <Filter>Source Files</Filter>
    </ClCompile>
    <ClCompile Include="GEW_Decal.cpp">
      <Filter>Source Files</Filter>
    </ClCompile>
    <ClCompile Include="GEW_DecalProperty.cpp">
      <Filter>Source Files</Filter>
    </ClCompile>
    <ClCompile Include="GEW_Entity.cpp">
      <Filter>Source Files</Filter>
    </ClCompile>
    <ClCompile Include="GEW_EnvironmentProbe.cpp">
      <Filter>Source Files</Filter>
    </ClCompile>
    <ClCompile Include="GEW_EnvironmentProbeProperty.cpp">
      <Filter>Source Files</Filter>
    </ClCompile>
    <ClCompile Include="GEW_Flare.cpp">
      <Filter>Source Files</Filter>
    </ClCompile>
    <ClCompile Include="GEW_FlareProperty.cpp">
      <Filter>Source Files</Filter>
    </ClCompile>
    <ClCompile Include="GEW_Group.cpp">
      <Filter>Source Files</Filter>
    </ClCompile>
    <ClCompile Include="GEW_Input.cpp">
      <Filter>Source Files</Filter>
    </ClCompile>
    <ClCompile Include="GEW_Item.cpp">
      <Filter>Source Files</Filter>
    </ClCompile>
    <ClCompile Include="GEW_ItemList.cpp">
      <Filter>Source Files</Filter>
    </ClCompile>
    <ClCompile Include="GEW_Light.cpp">
      <Filter>Source Files</Filter>
    </ClCompile>
    <ClCompile Include="GEW_LightProperty.cpp">
      <Filter>Source Files</Filter>
    </ClCompile>
    <ClCompile Include="GEW_Material.cpp">
      <Filter>Source Files</Filter>
    </ClCompile>
    <ClCompile Include="GEW_MaterialEditorDialog.cpp">
      <Filter>Source Files</Filter>
    </ClCompile>
    <ClCompile Include="GEW_Model.cpp">
      <Filter>Source Files</Filter>
    </ClCompile>
    <ClCompile Include="GEW_ModelProperty.cpp">
      <Filter>Source Files</Filter>
    </ClCompile>
    <ClCompile Include="GEW_Physics.cpp">
      <Filter>Source Files</Filter>
    </ClCompile>
    <ClCompile Include="GEW_Postprocess.cpp">
      <Filter>Source Files</Filter>
    </ClCompile>
    <ClCompile Include="GEW_PostprocessProperty.cpp">
      <Filter>Source Files</Filter>
    </ClCompile>
    <ClCompile Include="GEW_Propeties.cpp">
      <Filter>Source Files</Filter>
    </ClCompile>
    <ClCompile Include="GEW_Prs.cpp">
      <Filter>Source Files</Filter>
    </ClCompile>
    <ClCompile Include="GEW_PxMaterialEditorDialog.cpp">
      <Filter>Source Files</Filter>
    </ClCompile>
    <ClCompile Include="GEW_Scene.cpp">
      <Filter>Source Files</Filter>
    </ClCompile>
    <ClCompile Include="GEW_Screenshot.cpp">
      <Filter>Source Files</Filter>
    </ClCompile>
    <ClCompile Include="GEW_ScreenshotProperty.cpp">
      <Filter>Source Files</Filter>
    </ClCompile>
    <ClCompile Include="GEW_SelectItemDialog.cpp">
      <Filter>Source Files</Filter>
    </ClCompile>
    <ClCompile Include="GEW_Setting.cpp">
      <Filter>Source Files</Filter>
    </ClCompile>
    <ClCompile Include="GEW_Terrain.cpp">
      <Filter>Source Files</Filter>
    </ClCompile>
    <ClCompile Include="GEW_TerrainProperty.cpp">
      <Filter>Source Files</Filter>
    </ClCompile>
    <ClCompile Include="GEW_Text.cpp">
      <Filter>Source Files</Filter>
    </ClCompile>
    <ClCompile Include="GEW_Triad.cpp">
      <Filter>Source Files</Filter>
    </ClCompile>
    <ClCompile Include="GEW_Utility.cpp">
      <Filter>Source Files</Filter>
    </ClCompile>
    <ClCompile Include="GEW_Viewport.cpp">
      <Filter>Source Files</Filter>
    </ClCompile>
    <ClCompile Include="main.cpp">
      <Filter>Source Files</Filter>
    </ClCompile>
    <ClCompile Include="PxTkStream.cpp">
      <Filter>Source Files</Filter>
    </ClCompile>
    <ClCompile Include="GEW_DefaultCameraProperty.cpp">
      <Filter>Source Files</Filter>
    </ClCompile>
    <ClCompile Include="GeneratedFiles\Debug\moc_GEW_DefaultCameraProperty.cpp">
      <Filter>Generated Files\Debug</Filter>
    </ClCompile>
    <ClCompile Include="GeneratedFiles\Release\moc_GEW_DefaultCameraProperty.cpp">
      <Filter>Generated Files\Release</Filter>
    </ClCompile>
    <ClCompile Include="GEW_DefaultCamera.cpp">
      <Filter>Source Files</Filter>
    </ClCompile>
    <ClCompile Include="GeneratedFiles\Debug\moc_GEW_EntityBindDialog.cpp">
      <Filter>Generated Files\Debug</Filter>
    </ClCompile>
    <ClCompile Include="GEW_EntityBindDialog.cpp">
      <Filter>Source Files</Filter>
    </ClCompile>
    <ClCompile Include="GeneratedFiles\Release\moc_GEW_EntityBindDialog.cpp">
      <Filter>Generated Files\Release</Filter>
    </ClCompile>
    <ClCompile Include="GeneratedFiles\Debug\moc_GEW_EntityPtoperty.cpp">
      <Filter>Generated Files\Debug</Filter>
    </ClCompile>
    <ClCompile Include="GEW_EntityPtoperty.cpp">
      <Filter>Source Files</Filter>
    </ClCompile>
    <ClCompile Include="GeneratedFiles\Release\moc_GEW_EntityPtoperty.cpp">
      <Filter>Generated Files\Release</Filter>
    </ClCompile>
  </ItemGroup>
  <ItemGroup>
    <CustomBuild Include="GEditor.qrc">
      <Filter>Resource Files</Filter>
    </CustomBuild>
    <CustomBuild Include="GEW_PostprocessProperty.ui">
      <Filter>Form Files</Filter>
    </CustomBuild>
    <CustomBuild Include="GEW_FlareProperty.ui">
      <Filter>Form Files</Filter>
    </CustomBuild>
    <CustomBuild Include="GEW_ItemList.ui">
      <Filter>Form Files</Filter>
    </CustomBuild>
    <CustomBuild Include="GEW_ModelProperty.ui">
      <Filter>Form Files</Filter>
    </CustomBuild>
    <CustomBuild Include="GEW_LightProperty.ui">
      <Filter>Form Files</Filter>
    </CustomBuild>
    <CustomBuild Include="GEW_DecalProperty.ui">
      <Filter>Form Files</Filter>
    </CustomBuild>
    <CustomBuild Include="GEW_MaterialEditorDialog.ui">
      <Filter>Form Files</Filter>
    </CustomBuild>
    <CustomBuild Include="GEW_Propeties.ui">
      <Filter>Form Files</Filter>
    </CustomBuild>
    <CustomBuild Include="Geditor.ui">
      <Filter>Form Files</Filter>
    </CustomBuild>
    <CustomBuild Include="GEW_Prs.ui">
      <Filter>Form Files</Filter>
    </CustomBuild>
    <CustomBuild Include="GEW_SelectItemDialog.ui">
      <Filter>Form Files</Filter>
    </CustomBuild>
    <CustomBuild Include="GEW_Setting.ui">
      <Filter>Form Files</Filter>
    </CustomBuild>
    <CustomBuild Include="GEW_TerrainProperty.ui">
      <Filter>Form Files</Filter>
    </CustomBuild>
    <CustomBuild Include="GEW_EnvironmentProbeProperty.ui">
      <Filter>Form Files</Filter>
    </CustomBuild>
    <CustomBuild Include="GEW_PxMaterialEditorDialog.ui">
      <Filter>Form Files</Filter>
    </CustomBuild>
    <CustomBuild Include="GEditor.h">
      <Filter>Header Files</Filter>
    </CustomBuild>
    <CustomBuild Include="GEW_DecalProperty.h">
      <Filter>Header Files</Filter>
    </CustomBuild>
    <CustomBuild Include="GEW_EnvironmentProbeProperty.h">
      <Filter>Header Files</Filter>
    </CustomBuild>
    <CustomBuild Include="GEW_FlareProperty.h">
      <Filter>Header Files</Filter>
    </CustomBuild>
    <CustomBuild Include="GEW_ItemList.h">
      <Filter>Header Files</Filter>
    </CustomBuild>
    <CustomBuild Include="GEW_LightProperty.h">
      <Filter>Header Files</Filter>
    </CustomBuild>
    <CustomBuild Include="GEW_MaterialEditorDialog.h">
      <Filter>Header Files</Filter>
    </CustomBuild>
    <CustomBuild Include="GEW_ModelProperty.h">
      <Filter>Header Files</Filter>
    </CustomBuild>
    <CustomBuild Include="GEW_PostprocessProperty.h">
      <Filter>Header Files</Filter>
    </CustomBuild>
    <CustomBuild Include="GEW_Propeties.h">
      <Filter>Header Files</Filter>
    </CustomBuild>
    <CustomBuild Include="GEW_Prs.h">
      <Filter>Header Files</Filter>
    </CustomBuild>
    <CustomBuild Include="GEW_PxMaterialEditorDialog.h">
      <Filter>Header Files</Filter>
    </CustomBuild>
    <CustomBuild Include="GEW_ScreenshotProperty.h">
      <Filter>Header Files</Filter>
    </CustomBuild>
    <CustomBuild Include="GEW_SelectItemDialog.h">
      <Filter>Header Files</Filter>
    </CustomBuild>
    <CustomBuild Include="GEW_Setting.h">
      <Filter>Header Files</Filter>
    </CustomBuild>
    <CustomBuild Include="GEW_TerrainProperty.h">
      <Filter>Header Files</Filter>
    </CustomBuild>
    <CustomBuild Include="GEW_Viewport.h">
      <Filter>Header Files</Filter>
    </CustomBuild>
    <CustomBuild Include="GEW_DefaultCameraProperty.h">
      <Filter>Header Files</Filter>
    </CustomBuild>
    <CustomBuild Include="GEW_DefaultCameraProperty.ui">
      <Filter>Form Files</Filter>
    </CustomBuild>
    <CustomBuild Include="GEW_ScreenshotProperty.ui">
      <Filter>Form Files</Filter>
    </CustomBuild>
    <CustomBuild Include="GEW_EntityBindDialog.ui">
      <Filter>Form Files</Filter>
    </CustomBuild>
    <CustomBuild Include="GEW_EntityBindDialog.h">
      <Filter>Header Files</Filter>
    </CustomBuild>
    <CustomBuild Include="GEW_EntityPtoperty.ui">
      <Filter>Form Files</Filter>
    </CustomBuild>
    <CustomBuild Include="GEW_EntityPtoperty.h">
      <Filter>Header Files</Filter>
    </CustomBuild>
  </ItemGroup>
  <ItemGroup>
    <ResourceCompile Include="GEditor.rc" />
  </ItemGroup>
  <ItemGroup>
    <Image Include="GEditor.ico">
      <Filter>Resource Files</Filter>
    </Image>
    <Image Include="Resources\Logo.png">
      <Filter>Resource Files\Resources</Filter>
    </Image>
    <Image Include="Resources\Logo1.png">
      <Filter>Resource Files\Resources</Filter>
    </Image>
    <Image Include="Resources\Alphaback.png">
      <Filter>Resource Files\Resources</Filter>
    </Image>
    <Image Include="Resources\ColorPicker.png">
      <Filter>Resource Files\Resources</Filter>
    </Image>
    <Image Include="Resources\MetroStyle\0.png">
      <Filter>Resource Files\Resources\MetroStyle</Filter>
    </Image>
    <Image Include="Resources\MetroStyle\0_filled.png">
      <Filter>Resource Files\Resources\MetroStyle</Filter>
    </Image>
    <Image Include="Resources\MetroStyle\1_filled.png">
      <Filter>Resource Files\Resources\MetroStyle</Filter>
    </Image>
    <Image Include="Resources\MetroStyle\2.png">
      <Filter>Resource Files\Resources\MetroStyle</Filter>
    </Image>
    <Image Include="Resources\MetroStyle\2_filled.png">
      <Filter>Resource Files\Resources\MetroStyle</Filter>
    </Image>
    <Image Include="Resources\MetroStyle\3.png">
      <Filter>Resource Files\Resources\MetroStyle</Filter>
    </Image>
    <Image Include="Resources\MetroStyle\3_filled.png">
      <Filter>Resource Files\Resources\MetroStyle</Filter>
    </Image>
    <Image Include="Resources\MetroStyle\4.png">
      <Filter>Resource Files\Resources\MetroStyle</Filter>
    </Image>
    <Image Include="Resources\MetroStyle\4_filled.png">
      <Filter>Resource Files\Resources\MetroStyle</Filter>
    </Image>
    <Image Include="Resources\MetroStyle\5.png">
      <Filter>Resource Files\Resources\MetroStyle</Filter>
    </Image>
    <Image Include="Resources\MetroStyle\5_filled.png">
      <Filter>Resource Files\Resources\MetroStyle</Filter>
    </Image>
    <Image Include="Resources\MetroStyle\6.png">
      <Filter>Resource Files\Resources\MetroStyle</Filter>
    </Image>
    <Image Include="Resources\MetroStyle\6_filled.png">
      <Filter>Resource Files\Resources\MetroStyle</Filter>
    </Image>
    <Image Include="Resources\MetroStyle\7.png">
      <Filter>Resource Files\Resources\MetroStyle</Filter>
    </Image>
    <Image Include="Resources\MetroStyle\7_filled.png">
      <Filter>Resource Files\Resources\MetroStyle</Filter>
    </Image>
    <Image Include="Resources\MetroStyle\08-24.png">
      <Filter>Resource Files\Resources\MetroStyle</Filter>
    </Image>
    <Image Include="Resources\MetroStyle\8.png">
      <Filter>Resource Files\Resources\MetroStyle</Filter>
    </Image>
    <Image Include="Resources\MetroStyle\8_filled.png">
      <Filter>Resource Files\Resources\MetroStyle</Filter>
    </Image>
    <Image Include="Resources\MetroStyle\9.png">
      <Filter>Resource Files\Resources\MetroStyle</Filter>
    </Image>
    <Image Include="Resources\MetroStyle\9_filled.png">
      <Filter>Resource Files\Resources\MetroStyle</Filter>
    </Image>
    <Image Include="Resources\MetroStyle\133-24.png">
      <Filter>Resource Files\Resources\MetroStyle</Filter>
    </Image>
    <Image Include="Resources\MetroStyle\about.png">
      <Filter>Resource Files\Resources\MetroStyle</Filter>
    </Image>
    <Image Include="Resources\MetroStyle\active_directory-26.png">
      <Filter>Resource Files\Resources\MetroStyle</Filter>
    </Image>
    <Image Include="Resources\MetroStyle\add_file.png">
      <Filter>Resource Files\Resources\MetroStyle</Filter>
    </Image>
    <Image Include="Resources\MetroStyle\add_folder.png">
      <Filter>Resource Files\Resources\MetroStyle</Filter>
    </Image>
    <Image Include="Resources\MetroStyle\add_link.png">
      <Filter>Resource Files\Resources\MetroStyle</Filter>
    </Image>
    <Image Include="Resources\MetroStyle\add_list.png">
      <Filter>Resource Files\Resources\MetroStyle</Filter>
    </Image>
    <Image Include="Resources\MetroStyle\add_user.png">
      <Filter>Resource Files\Resources\MetroStyle</Filter>
    </Image>
    <Image Include="Resources\MetroStyle\address_book.png">
      <Filter>Resource Files\Resources\MetroStyle</Filter>
    </Image>
    <Image Include="Resources\MetroStyle\administrator.png">
      <Filter>Resource Files\Resources\MetroStyle</Filter>
    </Image>
    <Image Include="Resources\MetroStyle\adventures.png">
      <Filter>Resource Files\Resources\MetroStyle</Filter>
    </Image>
    <Image Include="Resources\MetroStyle\alarm_clock.png">
      <Filter>Resource Files\Resources\MetroStyle</Filter>
    </Image>
    <Image Include="Resources\MetroStyle\angel.png">
      <Filter>Resource Files\Resources\MetroStyle</Filter>
    </Image>
    <Image Include="Resources\MetroStyle\angry.png">
      <Filter>Resource Files\Resources\MetroStyle</Filter>
    </Image>
    <Image Include="Resources\MetroStyle\appbar.arrow.expand.png">
      <Filter>Resource Files\Resources\MetroStyle</Filter>
    </Image>
    <Image Include="Resources\MetroStyle\appbar.fullscreen.png">
      <Filter>Resource Files\Resources\MetroStyle</Filter>
    </Image>
    <Image Include="Resources\MetroStyle\appbar.transform.rotate.clockwise.png">
      <Filter>Resource Files\Resources\MetroStyle</Filter>
    </Image>
    <Image Include="Resources\MetroStyle\archive.png">
      <Filter>Resource Files\Resources\MetroStyle</Filter>
    </Image>
    <Image Include="Resources\MetroStyle\archive2.png">
      <Filter>Resource Files\Resources\MetroStyle</Filter>
    </Image>
    <Image Include="Resources\MetroStyle\attach.png">
      <Filter>Resource Files\Resources\MetroStyle</Filter>
    </Image>
    <Image Include="Resources\MetroStyle\autograf.png">
      <Filter>Resource Files\Resources\MetroStyle</Filter>
    </Image>
    <Image Include="Resources\MetroStyle\average.png">
      <Filter>Resource Files\Resources\MetroStyle</Filter>
    </Image>
    <Image Include="Resources\MetroStyle\avi.png">
      <Filter>Resource Files\Resources\MetroStyle</Filter>
    </Image>
    <Image Include="Resources\MetroStyle\bank.png">
      <Filter>Resource Files\Resources\MetroStyle</Filter>
    </Image>
    <Image Include="Resources\MetroStyle\bank_cards.png">
      <Filter>Resource Files\Resources\MetroStyle</Filter>
    </Image>
    <Image Include="Resources\MetroStyle\banknotes.png">
      <Filter>Resource Files\Resources\MetroStyle</Filter>
    </Image>
    <Image Include="Resources\MetroStyle\bar.png">
      <Filter>Resource Files\Resources\MetroStyle</Filter>
    </Image>
    <Image Include="Resources\MetroStyle\barcode.png">
      <Filter>Resource Files\Resources\MetroStyle</Filter>
    </Image>
    <Image Include="Resources\MetroStyle\basketball.png">
      <Filter>Resource Files\Resources\MetroStyle</Filter>
    </Image>
    <Image Include="Resources\MetroStyle\bebo.png">
      <Filter>Resource Files\Resources\MetroStyle</Filter>
    </Image>
    <Image Include="Resources\MetroStyle\bed.png">
      <Filter>Resource Files\Resources\MetroStyle</Filter>
    </Image>
    <Image Include="Resources\MetroStyle\bicycle.png">
      <Filter>Resource Files\Resources\MetroStyle</Filter>
    </Image>
    <Image Include="Resources\MetroStyle\billing.png">
      <Filter>Resource Files\Resources\MetroStyle</Filter>
    </Image>
    <Image Include="Resources\MetroStyle\birthday_cake.png">
      <Filter>Resource Files\Resources\MetroStyle</Filter>
    </Image>
    <Image Include="Resources\MetroStyle\blackberry.png">
      <Filter>Resource Files\Resources\MetroStyle</Filter>
    </Image>
    <Image Include="Resources\MetroStyle\book.png">
      <Filter>Resource Files\Resources\MetroStyle</Filter>
    </Image>
    <Image Include="Resources\MetroStyle\book_stack.png">
      <Filter>Resource Files\Resources\MetroStyle</Filter>
    </Image>
    <Image Include="Resources\MetroStyle\bookmark.png">
      <Filter>Resource Files\Resources\MetroStyle</Filter>
    </Image>
    <Image Include="Resources\MetroStyle\books.png">
      <Filter>Resource Files\Resources\MetroStyle</Filter>
    </Image>
    <Image Include="Resources\MetroStyle\boombox.png">
      <Filter>Resource Files\Resources\MetroStyle</Filter>
    </Image>
    <Image Include="Resources\MetroStyle\box.png">
      <Filter>Resource Files\Resources\MetroStyle</Filter>
    </Image>
    <Image Include="Resources\MetroStyle\bred.png">
      <Filter>Resource Files\Resources\MetroStyle</Filter>
    </Image>
    <Image Include="Resources\MetroStyle\briefcase.png">
      <Filter>Resource Files\Resources\MetroStyle</Filter>
    </Image>
    <Image Include="Resources\MetroStyle\brush-24.png">
      <Filter>Resource Files\Resources\MetroStyle</Filter>
    </Image>
    <Image Include="Resources\MetroStyle\bug.png">
      <Filter>Resource Files\Resources\MetroStyle</Filter>
    </Image>
    <Image Include="Resources\MetroStyle\bunch_flowers.png">
      <Filter>Resource Files\Resources\MetroStyle</Filter>
    </Image>
    <Image Include="Resources\MetroStyle\burn.png">
      <Filter>Resource Files\Resources\MetroStyle</Filter>
    </Image>
    <Image Include="Resources\MetroStyle\bus.png">
      <Filter>Resource Files\Resources\MetroStyle</Filter>
    </Image>
    <Image Include="Resources\MetroStyle\business_contact.png">
      <Filter>Resource Files\Resources\MetroStyle</Filter>
    </Image>
    <Image Include="Resources\MetroStyle\businessman.png">
      <Filter>Resource Files\Resources\MetroStyle</Filter>
    </Image>
    <Image Include="Resources\MetroStyle\businesswoman.png">
      <Filter>Resource Files\Resources\MetroStyle</Filter>
    </Image>
    <Image Include="Resources\MetroStyle\calculator.png">
      <Filter>Resource Files\Resources\MetroStyle</Filter>
    </Image>
    <Image Include="Resources\MetroStyle\calendar.png">
      <Filter>Resource Files\Resources\MetroStyle</Filter>
    </Image>
    <Image Include="Resources\MetroStyle\camcoder.png">
      <Filter>Resource Files\Resources\MetroStyle</Filter>
    </Image>
    <Image Include="Resources\MetroStyle\camcoder_pro.png">
      <Filter>Resource Files\Resources\MetroStyle</Filter>
    </Image>
    <Image Include="Resources\MetroStyle\car.png">
      <Filter>Resource Files\Resources\MetroStyle</Filter>
    </Image>
    <Image Include="Resources\MetroStyle\card_in_use.png">
      <Filter>Resource Files\Resources\MetroStyle</Filter>
    </Image>
    <Image Include="Resources\MetroStyle\card_inserting.png">
      <Filter>Resource Files\Resources\MetroStyle</Filter>
    </Image>
    <Image Include="Resources\MetroStyle\cards.png">
      <Filter>Resource Files\Resources\MetroStyle</Filter>
    </Image>
    <Image Include="Resources\MetroStyle\cash_receiving.png">
      <Filter>Resource Files\Resources\MetroStyle</Filter>
    </Image>
    <Image Include="Resources\MetroStyle\cheap.png">
      <Filter>Resource Files\Resources\MetroStyle</Filter>
    </Image>
    <Image Include="Resources\MetroStyle\check_book.png">
      <Filter>Resource Files\Resources\MetroStyle</Filter>
    </Image>
    <Image Include="Resources\MetroStyle\checked_user.png">
      <Filter>Resource Files\Resources\MetroStyle</Filter>
    </Image>
    <Image Include="Resources\MetroStyle\checkmark.png">
      <Filter>Resource Files\Resources\MetroStyle</Filter>
    </Image>
    <Image Include="Resources\MetroStyle\checkout.png">
      <Filter>Resource Files\Resources\MetroStyle</Filter>
    </Image>
    <Image Include="Resources\MetroStyle\cheese.png">
      <Filter>Resource Files\Resources\MetroStyle</Filter>
    </Image>
    <Image Include="Resources\MetroStyle\child_new_post.png">
      <Filter>Resource Files\Resources\MetroStyle</Filter>
    </Image>
    <Image Include="Resources\MetroStyle\chip.png">
      <Filter>Resource Files\Resources\MetroStyle</Filter>
    </Image>
    <Image Include="Resources\MetroStyle\cllipboard.png">
      <Filter>Resource Files\Resources\MetroStyle</Filter>
    </Image>
    <Image Include="Resources\MetroStyle\clock.png">
      <Filter>Resource Files\Resources\MetroStyle</Filter>
    </Image>
    <Image Include="Resources\MetroStyle\clone-24.png">
      <Filter>Resource Files\Resources\MetroStyle</Filter>
    </Image>
    <Image Include="Resources\MetroStyle\closed_topic.png">
      <Filter>Resource Files\Resources\MetroStyle</Filter>
    </Image>
    <Image Include="Resources\MetroStyle\cloud.png">
      <Filter>Resource Files\Resources\MetroStyle</Filter>
    </Image>
    <Image Include="Resources\MetroStyle\cloud_lighting.png">
      <Filter>Resource Files\Resources\MetroStyle</Filter>
    </Image>
    <Image Include="Resources\MetroStyle\cloud_storage.png">
      <Filter>Resource Files\Resources\MetroStyle</Filter>
    </Image>
    <Image Include="Resources\MetroStyle\clouds.png">
      <Filter>Resource Files\Resources\MetroStyle</Filter>
    </Image>
    <Image Include="Resources\MetroStyle\combo.png">
      <Filter>Resource Files\Resources\MetroStyle</Filter>
    </Image>
    <Image Include="Resources\MetroStyle\comedy.png">
      <Filter>Resource Files\Resources\MetroStyle</Filter>
    </Image>
    <Image Include="Resources\MetroStyle\comedy_mask.png">
      <Filter>Resource Files\Resources\MetroStyle</Filter>
    </Image>
    <Image Include="Resources\MetroStyle\comments.png">
      <Filter>Resource Files\Resources\MetroStyle</Filter>
    </Image>
    <Image Include="Resources\MetroStyle\commode.png">
      <Filter>Resource Files\Resources\MetroStyle</Filter>
    </Image>
    <Image Include="Resources\MetroStyle\compact_camera.png">
      <Filter>Resource Files\Resources\MetroStyle</Filter>
    </Image>
    <Image Include="Resources\MetroStyle\compass.png">
      <Filter>Resource Files\Resources\MetroStyle</Filter>
    </Image>
    <Image Include="Resources\MetroStyle\console.png">
      <Filter>Resource Files\Resources\MetroStyle</Filter>
    </Image>
    <Image Include="Resources\MetroStyle\contacts.png">
      <Filter>Resource Files\Resources\MetroStyle</Filter>
    </Image>
    <Image Include="Resources\MetroStyle\contacts2.png">
      <Filter>Resource Files\Resources\MetroStyle</Filter>
    </Image>
    <Image Include="Resources\MetroStyle\cooker.png">
      <Filter>Resource Files\Resources\MetroStyle</Filter>
    </Image>
    <Image Include="Resources\MetroStyle\cooker_hood.png">
      <Filter>Resource Files\Resources\MetroStyle</Filter>
    </Image>
    <Image Include="Resources\MetroStyle\cooking_pot.png">
      <Filter>Resource Files\Resources\MetroStyle</Filter>
    </Image>
    <Image Include="Resources\MetroStyle\cool.png">
      <Filter>Resource Files\Resources\MetroStyle</Filter>
    </Image>
    <Image Include="Resources\MetroStyle\copy.png">
      <Filter>Resource Files\Resources\MetroStyle</Filter>
    </Image>
    <Image Include="Resources\MetroStyle\copy_link-26.png">
      <Filter>Resource Files\Resources\MetroStyle</Filter>
    </Image>
    <Image Include="Resources\MetroStyle\crime.png">
      <Filter>Resource Files\Resources\MetroStyle</Filter>
    </Image>
    <Image Include="Resources\MetroStyle\crying.png">
      <Filter>Resource Files\Resources\MetroStyle</Filter>
    </Image>
    <Image Include="Resources\MetroStyle\cup.png">
      <Filter>Resource Files\Resources\MetroStyle</Filter>
    </Image>
    <Image Include="Resources\MetroStyle\cut.png">
      <Filter>Resource Files\Resources\MetroStyle</Filter>
    </Image>
    <Image Include="Resources\MetroStyle\dashboard.png">
      <Filter>Resource Files\Resources\MetroStyle</Filter>
    </Image>
    <Image Include="Resources\MetroStyle\deciduous_tree-26.png">
      <Filter>Resource Files\Resources\MetroStyle</Filter>
    </Image>
    <Image Include="Resources\MetroStyle\delete.png">
      <Filter>Resource Files\Resources\MetroStyle</Filter>
    </Image>
    <Image Include="Resources\MetroStyle\delete_link.png">
      <Filter>Resource Files\Resources\MetroStyle</Filter>
    </Image>
    <Image Include="Resources\MetroStyle\delivery.png">
      <Filter>Resource Files\Resources\MetroStyle</Filter>
    </Image>
    <Image Include="Resources\MetroStyle\detective.png">
      <Filter>Resource Files\Resources\MetroStyle</Filter>
    </Image>
    <Image Include="Resources\MetroStyle\diamonds.png">
      <Filter>Resource Files\Resources\MetroStyle</Filter>
    </Image>
    <Image Include="Resources\MetroStyle\dice.png">
      <Filter>Resource Files\Resources\MetroStyle</Filter>
    </Image>
    <Image Include="Resources\MetroStyle\dll.png">
      <Filter>Resource Files\Resources\MetroStyle</Filter>
    </Image>
    <Image Include="Resources\MetroStyle\dmg.png">
      <Filter>Resource Files\Resources\MetroStyle</Filter>
    </Image>
    <Image Include="Resources\MetroStyle\documentary.png">
      <Filter>Resource Files\Resources\MetroStyle</Filter>
    </Image>
    <Image Include="Resources\MetroStyle\documents.png">
      <Filter>Resource Files\Resources\MetroStyle</Filter>
    </Image>
    <Image Include="Resources\MetroStyle\down.png">
      <Filter>Resource Files\Resources\MetroStyle</Filter>
    </Image>
    <Image Include="Resources\MetroStyle\down_circular.png">
      <Filter>Resource Files\Resources\MetroStyle</Filter>
    </Image>
    <Image Include="Resources\MetroStyle\down1.png">
      <Filter>Resource Files\Resources\MetroStyle</Filter>
    </Image>
    <Image Include="Resources\MetroStyle\download.png">
      <Filter>Resource Files\Resources\MetroStyle</Filter>
    </Image>
    <Image Include="Resources\MetroStyle\downloads.png">
      <Filter>Resource Files\Resources\MetroStyle</Filter>
    </Image>
    <Image Include="Resources\MetroStyle\drama.png">
      <Filter>Resource Files\Resources\MetroStyle</Filter>
    </Image>
    <Image Include="Resources\MetroStyle\edit.png">
      <Filter>Resource Files\Resources\MetroStyle</Filter>
    </Image>
    <Image Include="Resources\MetroStyle\eject.png">
      <Filter>Resource Files\Resources\MetroStyle</Filter>
    </Image>
    <Image Include="Resources\MetroStyle\empty_filter.png">
      <Filter>Resource Files\Resources\MetroStyle</Filter>
    </Image>
    <Image Include="Resources\MetroStyle\empty_flag.png">
      <Filter>Resource Files\Resources\MetroStyle</Filter>
    </Image>
    <Image Include="Resources\MetroStyle\empty_trash.png">
      <Filter>Resource Files\Resources\MetroStyle</Filter>
    </Image>
    <Image Include="Resources\MetroStyle\end.png">
      <Filter>Resource Files\Resources\MetroStyle</Filter>
    </Image>
    <Image Include="Resources\MetroStyle\erase.png">
      <Filter>Resource Files\Resources\MetroStyle</Filter>
    </Image>
    <Image Include="Resources\MetroStyle\eraser.png">
      <Filter>Resource Files\Resources\MetroStyle</Filter>
    </Image>
    <Image Include="Resources\MetroStyle\error.png">
      <Filter>Resource Files\Resources\MetroStyle</Filter>
    </Image>
    <Image Include="Resources\MetroStyle\evil.png">
      <Filter>Resource Files\Resources\MetroStyle</Filter>
    </Image>
    <Image Include="Resources\MetroStyle\excel.png">
      <Filter>Resource Files\Resources\MetroStyle</Filter>
    </Image>
    <Image Include="Resources\MetroStyle\exe.png">
      <Filter>Resource Files\Resources\MetroStyle</Filter>
    </Image>
    <Image Include="Resources\MetroStyle\expensive.png">
      <Filter>Resource Files\Resources\MetroStyle</Filter>
    </Image>
    <Image Include="Resources\MetroStyle\fan.png">
      <Filter>Resource Files\Resources\MetroStyle</Filter>
    </Image>
    <Image Include="Resources\MetroStyle\fantasy.png">
      <Filter>Resource Files\Resources\MetroStyle</Filter>
    </Image>
    <Image Include="Resources\MetroStyle\fast_forward.png">
      <Filter>Resource Files\Resources\MetroStyle</Filter>
    </Image>
    <Image Include="Resources\MetroStyle\file.png">
      <Filter>Resource Files\Resources\MetroStyle</Filter>
    </Image>
    <Image Include="Resources\MetroStyle\filing_cabinet.png">
      <Filter>Resource Files\Resources\MetroStyle</Filter>
    </Image>
    <Image Include="Resources\MetroStyle\filled_filter.png">
      <Filter>Resource Files\Resources\MetroStyle</Filter>
    </Image>
    <Image Include="Resources\MetroStyle\filled_flag.png">
      <Filter>Resource Files\Resources\MetroStyle</Filter>
    </Image>
    <Image Include="Resources\MetroStyle\film.png">
      <Filter>Resource Files\Resources\MetroStyle</Filter>
    </Image>
    <Image Include="Resources\MetroStyle\film2.png">
      <Filter>Resource Files\Resources\MetroStyle</Filter>
    </Image>
    <Image Include="Resources\MetroStyle\finish_flag.png">
      <Filter>Resource Files\Resources\MetroStyle</Filter>
    </Image>
    <Image Include="Resources\MetroStyle\flare.png">
      <Filter>Resource Files\Resources\MetroStyle</Filter>
    </Image>
    <Image Include="Resources\MetroStyle\flv.png">
      <Filter>Resource Files\Resources\MetroStyle</Filter>
    </Image>
    <Image Include="Resources\MetroStyle\fog_day.png">
      <Filter>Resource Files\Resources\MetroStyle</Filter>
    </Image>
    <Image Include="Resources\MetroStyle\fog_night.png">
      <Filter>Resource Files\Resources\MetroStyle</Filter>
    </Image>
    <Image Include="Resources\MetroStyle\folder.png">
      <Filter>Resource Files\Resources\MetroStyle</Filter>
    </Image>
    <Image Include="Resources\MetroStyle\football.png">
      <Filter>Resource Files\Resources\MetroStyle</Filter>
    </Image>
    <Image Include="Resources\MetroStyle\fork.png">
      <Filter>Resource Files\Resources\MetroStyle</Filter>
    </Image>
    <Image Include="Resources\MetroStyle\forward.png">
      <Filter>Resource Files\Resources\MetroStyle</Filter>
    </Image>
    <Image Include="Resources\MetroStyle\fridge.png">
      <Filter>Resource Files\Resources\MetroStyle</Filter>
    </Image>
    <Image Include="Resources\MetroStyle\full_trash.png">
      <Filter>Resource Files\Resources\MetroStyle</Filter>
    </Image>
    <Image Include="Resources\MetroStyle\gas_station.png">
      <Filter>Resource Files\Resources\MetroStyle</Filter>
    </Image>
    <Image Include="Resources\MetroStyle\genealogy-25.png">
      <Filter>Resource Files\Resources\MetroStyle</Filter>
    </Image>
    <Image Include="Resources\MetroStyle\geometry-26.png">
      <Filter>Resource Files\Resources\MetroStyle</Filter>
    </Image>
    <Image Include="Resources\MetroStyle\gif.png">
      <Filter>Resource Files\Resources\MetroStyle</Filter>
    </Image>
    <Image Include="Resources\MetroStyle\gift.png">
      <Filter>Resource Files\Resources\MetroStyle</Filter>
    </Image>
    <Image Include="Resources\MetroStyle\github.png">
      <Filter>Resource Files\Resources\MetroStyle</Filter>
    </Image>
    <Image Include="Resources\MetroStyle\globe.png">
      <Filter>Resource Files\Resources\MetroStyle</Filter>
    </Image>
    <Image Include="Resources\MetroStyle\google_plus.png">
      <Filter>Resource Files\Resources\MetroStyle</Filter>
    </Image>
    <Image Include="Resources\MetroStyle\gps_device.png">
      <Filter>Resource Files\Resources\MetroStyle</Filter>
    </Image>
    <Image Include="Resources\MetroStyle\grid.png">
      <Filter>Resource Files\Resources\MetroStyle</Filter>
    </Image>
    <Image Include="Resources\MetroStyle\group.png">
      <Filter>Resource Files\Resources\MetroStyle</Filter>
    </Image>
    <Image Include="Resources\MetroStyle\guitar.png">
      <Filter>Resource Files\Resources\MetroStyle</Filter>
    </Image>
    <Image Include="Resources\MetroStyle\hail.png">
      <Filter>Resource Files\Resources\MetroStyle</Filter>
    </Image>
    <Image Include="Resources\MetroStyle\happy.png">
      <Filter>Resource Files\Resources\MetroStyle</Filter>
    </Image>
    <Image Include="Resources\MetroStyle\hdd.png">
      <Filter>Resource Files\Resources\MetroStyle</Filter>
    </Image>
    <Image Include="Resources\MetroStyle\hearts.png">
      <Filter>Resource Files\Resources\MetroStyle</Filter>
    </Image>
    <Image Include="Resources\MetroStyle\Height.png">
      <Filter>Resource Files\Resources\MetroStyle</Filter>
    </Image>
    <Image Include="Resources\MetroStyle\helicopter.png">
      <Filter>Resource Files\Resources\MetroStyle</Filter>
    </Image>
    <Image Include="Resources\MetroStyle\help.png">
      <Filter>Resource Files\Resources\MetroStyle</Filter>
    </Image>
    <Image Include="Resources\MetroStyle\historical.png">
      <Filter>Resource Files\Resources\MetroStyle</Filter>
    </Image>
    <Image Include="Resources\MetroStyle\home.png">
      <Filter>Resource Files\Resources\MetroStyle</Filter>
    </Image>
    <Image Include="Resources\MetroStyle\horror.png">
      <Filter>Resource Files\Resources\MetroStyle</Filter>
    </Image>
    <Image Include="Resources\MetroStyle\hospital.png">
      <Filter>Resource Files\Resources\MetroStyle</Filter>
    </Image>
    <Image Include="Resources\MetroStyle\hotel.png">
      <Filter>Resource Files\Resources\MetroStyle</Filter>
    </Image>
    <Image Include="Resources\MetroStyle\idea.png">
      <Filter>Resource Files\Resources\MetroStyle</Filter>
    </Image>
    <Image Include="Resources\MetroStyle\in_love.png">
      <Filter>Resource Files\Resources\MetroStyle</Filter>
    </Image>
    <Image Include="Resources\MetroStyle\info.png">
      <Filter>Resource Files\Resources\MetroStyle</Filter>
    </Image>
    <Image Include="Resources\MetroStyle\internet.png">
      <Filter>Resource Files\Resources\MetroStyle</Filter>
    </Image>
    <Image Include="Resources\MetroStyle\iron.png">
      <Filter>Resource Files\Resources\MetroStyle</Filter>
    </Image>
    <Image Include="Resources\MetroStyle\joystick.png">
      <Filter>Resource Files\Resources\MetroStyle</Filter>
    </Image>
    <Image Include="Resources\MetroStyle\jpg.png">
      <Filter>Resource Files\Resources\MetroStyle</Filter>
    </Image>
    <Image Include="Resources\MetroStyle\key.png">
      <Filter>Resource Files\Resources\MetroStyle</Filter>
    </Image>
    <Image Include="Resources\MetroStyle\keyboard.png">
      <Filter>Resource Files\Resources\MetroStyle</Filter>
    </Image>
    <Image Include="Resources\MetroStyle\kiss.png">
      <Filter>Resource Files\Resources\MetroStyle</Filter>
    </Image>
    <Image Include="Resources\MetroStyle\knife.png">
      <Filter>Resource Files\Resources\MetroStyle</Filter>
    </Image>
    <Image Include="Resources\MetroStyle\ladle.png">
      <Filter>Resource Files\Resources\MetroStyle</Filter>
    </Image>
    <Image Include="Resources\MetroStyle\lamp.png">
      <Filter>Resource Files\Resources\MetroStyle</Filter>
    </Image>
    <Image Include="Resources\MetroStyle\left.png">
      <Filter>Resource Files\Resources\MetroStyle</Filter>
    </Image>
    <Image Include="Resources\MetroStyle\left_circular.png">
      <Filter>Resource Files\Resources\MetroStyle</Filter>
    </Image>
    <Image Include="Resources\MetroStyle\library.png">
      <Filter>Resource Files\Resources\MetroStyle</Filter>
    </Image>
    <Image Include="Resources\MetroStyle\lifebuoy.png">
      <Filter>Resource Files\Resources\MetroStyle</Filter>
    </Image>
    <Image Include="Resources\MetroStyle\like.png">
      <Filter>Resource Files\Resources\MetroStyle</Filter>
    </Image>
    <Image Include="Resources\MetroStyle\like_outline.png">
      <Filter>Resource Files\Resources\MetroStyle</Filter>
    </Image>
    <Image Include="Resources\MetroStyle\likes.png">
      <Filter>Resource Files\Resources\MetroStyle</Filter>
    </Image>
    <Image Include="Resources\MetroStyle\line.png">
      <Filter>Resource Files\Resources\MetroStyle</Filter>
    </Image>
    <Image Include="Resources\MetroStyle\link.png">
      <Filter>Resource Files\Resources\MetroStyle</Filter>
    </Image>
    <Image Include="Resources\MetroStyle\linkedin.png">
      <Filter>Resource Files\Resources\MetroStyle</Filter>
    </Image>
    <Image Include="Resources\MetroStyle\linux_client.png">
      <Filter>Resource Files\Resources\MetroStyle</Filter>
    </Image>
    <Image Include="Resources\MetroStyle\little_rain.png">
      <Filter>Resource Files\Resources\MetroStyle</Filter>
    </Image>
    <Image Include="Resources\MetroStyle\little_snow.png">
      <Filter>Resource Files\Resources\MetroStyle</Filter>
    </Image>
    <Image Include="Resources\MetroStyle\lock.png">
      <Filter>Resource Files\Resources\MetroStyle</Filter>
    </Image>
    <Image Include="Resources\MetroStyle\lock-X.png">
      <Filter>Resource Files\Resources\MetroStyle</Filter>
    </Image>
    <Image Include="Resources\MetroStyle\lock-Y.png">
      <Filter>Resource Files\Resources\MetroStyle</Filter>
    </Image>
    <Image Include="Resources\MetroStyle\lock-Z.png">
      <Filter>Resource Files\Resources\MetroStyle</Filter>
    </Image>
    <Image Include="Resources\MetroStyle\login.png">
      <Filter>Resource Files\Resources\MetroStyle</Filter>
    </Image>
    <Image Include="Resources\MetroStyle\logout.png">
      <Filter>Resource Files\Resources\MetroStyle</Filter>
    </Image>
    <Image Include="Resources\MetroStyle\loudspeaker.png">
      <Filter>Resource Files\Resources\MetroStyle</Filter>
    </Image>
    <Image Include="Resources\MetroStyle\magazine.png">
      <Filter>Resource Files\Resources\MetroStyle</Filter>
    </Image>
    <Image Include="Resources\MetroStyle\manager.png">
      <Filter>Resource Files\Resources\MetroStyle</Filter>
    </Image>
    <Image Include="Resources\MetroStyle\map.png">
      <Filter>Resource Files\Resources\MetroStyle</Filter>
    </Image>
    <Image Include="Resources\MetroStyle\map_marker.png">
      <Filter>Resource Files\Resources\MetroStyle</Filter>
    </Image>
    <Image Include="Resources\MetroStyle\marker.png">
      <Filter>Resource Files\Resources\MetroStyle</Filter>
    </Image>
    <Image Include="Resources\MetroStyle\megafone.png">
      <Filter>Resource Files\Resources\MetroStyle</Filter>
    </Image>
    <Image Include="Resources\MetroStyle\megafone2.png">
      <Filter>Resource Files\Resources\MetroStyle</Filter>
    </Image>
    <Image Include="Resources\MetroStyle\menu-32.png">
      <Filter>Resource Files\Resources\MetroStyle</Filter>
    </Image>
    <Image Include="Resources\MetroStyle\message.png">
      <Filter>Resource Files\Resources\MetroStyle</Filter>
    </Image>
    <Image Include="Resources\MetroStyle\microphone.png">
      <Filter>Resource Files\Resources\MetroStyle</Filter>
    </Image>
    <Image Include="Resources\MetroStyle\microphone2.png">
      <Filter>Resource Files\Resources\MetroStyle</Filter>
    </Image>
    <Image Include="Resources\MetroStyle\microwave.png">
      <Filter>Resource Files\Resources\MetroStyle</Filter>
    </Image>
    <Image Include="Resources\MetroStyle\minus.png">
      <Filter>Resource Files\Resources\MetroStyle</Filter>
    </Image>
    <Image Include="Resources\MetroStyle\mixer.png">
      <Filter>Resource Files\Resources\MetroStyle</Filter>
    </Image>
    <Image Include="Resources\MetroStyle\money_bag.png">
      <Filter>Resource Files\Resources\MetroStyle</Filter>
    </Image>
    <Image Include="Resources\MetroStyle\moneybox.png">
      <Filter>Resource Files\Resources\MetroStyle</Filter>
    </Image>
    <Image Include="Resources\MetroStyle\monitor.png">
      <Filter>Resource Files\Resources\MetroStyle</Filter>
    </Image>
    <Image Include="Resources\MetroStyle\moon.png">
      <Filter>Resource Files\Resources\MetroStyle</Filter>
    </Image>
    <Image Include="Resources\MetroStyle\motorcycle.png">
      <Filter>Resource Files\Resources\MetroStyle</Filter>
    </Image>
    <Image Include="Resources\MetroStyle\mountain.png">
      <Filter>Resource Files\Resources\MetroStyle</Filter>
    </Image>
    <Image Include="Resources\MetroStyle\mouse.png">
      <Filter>Resource Files\Resources\MetroStyle</Filter>
    </Image>
    <Image Include="Resources\MetroStyle\mov.png">
      <Filter>Resource Files\Resources\MetroStyle</Filter>
    </Image>
    <Image Include="Resources\MetroStyle\moved_topic.png">
      <Filter>Resource Files\Resources\MetroStyle</Filter>
    </Image>
    <Image Include="Resources\MetroStyle\MoveIcon.png">
      <Filter>Resource Files\Resources\MetroStyle</Filter>
    </Image>
    <Image Include="Resources\MetroStyle\movies.png">
      <Filter>Resource Files\Resources\MetroStyle</Filter>
    </Image>
    <Image Include="Resources\MetroStyle\mpg.png">
      <Filter>Resource Files\Resources\MetroStyle</Filter>
    </Image>
    <Image Include="Resources\MetroStyle\music.png">
      <Filter>Resource Files\Resources\MetroStyle</Filter>
    </Image>
    <Image Include="Resources\MetroStyle\music_conductor.png">
      <Filter>Resource Files\Resources\MetroStyle</Filter>
    </Image>
    <Image Include="Resources\MetroStyle\music_record.png">
      <Filter>Resource Files\Resources\MetroStyle</Filter>
    </Image>
    <Image Include="Resources\MetroStyle\mute.png">
      <Filter>Resource Files\Resources\MetroStyle</Filter>
    </Image>
    <Image Include="Resources\MetroStyle\my_topic.png">
      <Filter>Resource Files\Resources\MetroStyle</Filter>
    </Image>
    <Image Include="Resources\MetroStyle\myspace.png">
      <Filter>Resource Files\Resources\MetroStyle</Filter>
    </Image>
    <Image Include="Resources\MetroStyle\nas.png">
      <Filter>Resource Files\Resources\MetroStyle</Filter>
    </Image>
    <Image Include="Resources\MetroStyle\negative_dynamic.png">
      <Filter>Resource Files\Resources\MetroStyle</Filter>
    </Image>
    <Image Include="Resources\MetroStyle\new_post.png">
      <Filter>Resource Files\Resources\MetroStyle</Filter>
    </Image>
    <Image Include="Resources\MetroStyle\news.png">
      <Filter>Resource Files\Resources\MetroStyle</Filter>
    </Image>
    <Image Include="Resources\MetroStyle\newspaper.png">
      <Filter>Resource Files\Resources\MetroStyle</Filter>
    </Image>
    <Image Include="Resources\MetroStyle\note.png">
      <Filter>Resource Files\Resources\MetroStyle</Filter>
    </Image>
    <Image Include="Resources\MetroStyle\novel.png">
      <Filter>Resource Files\Resources\MetroStyle</Filter>
    </Image>
    <Image Include="Resources\MetroStyle\one_free.png">
      <Filter>Resource Files\Resources\MetroStyle</Filter>
    </Image>
    <Image Include="Resources\MetroStyle\online.png">
      <Filter>Resource Files\Resources\MetroStyle</Filter>
    </Image>
    <Image Include="Resources\MetroStyle\online_support.png">
      <Filter>Resource Files\Resources\MetroStyle</Filter>
    </Image>
    <Image Include="Resources\MetroStyle\opera_glasses.png">
      <Filter>Resource Files\Resources\MetroStyle</Filter>
    </Image>
    <Image Include="Resources\MetroStyle\org_unit-26.png">
      <Filter>Resource Files\Resources\MetroStyle</Filter>
    </Image>
    <Image Include="Resources\MetroStyle\outline.png">
      <Filter>Resource Files\Resources\MetroStyle</Filter>
    </Image>
    <Image Include="Resources\MetroStyle\outline_star.png">
      <Filter>Resource Files\Resources\MetroStyle</Filter>
    </Image>
    <Image Include="Resources\MetroStyle\package.png">
      <Filter>Resource Files\Resources\MetroStyle</Filter>
    </Image>
    <Image Include="Resources\MetroStyle\partly_cloudy_day.png">
      <Filter>Resource Files\Resources\MetroStyle</Filter>
    </Image>
    <Image Include="Resources\MetroStyle\partly_cloudy_night.png">
      <Filter>Resource Files\Resources\MetroStyle</Filter>
    </Image>
    <Image Include="Resources\MetroStyle\pause.png">
      <Filter>Resource Files\Resources\MetroStyle</Filter>
    </Image>
    <Image Include="Resources\MetroStyle\pdf.png">
      <Filter>Resource Files\Resources\MetroStyle</Filter>
    </Image>
    <Image Include="Resources\MetroStyle\pepper_shaker.png">
      <Filter>Resource Files\Resources\MetroStyle</Filter>
    </Image>
    <Image Include="Resources\MetroStyle\phone.png">
      <Filter>Resource Files\Resources\MetroStyle</Filter>
    </Image>
    <Image Include="Resources\MetroStyle\phone1.png">
      <Filter>Resource Files\Resources\MetroStyle</Filter>
    </Image>
    <Image Include="Resources\MetroStyle\phone2.png">
      <Filter>Resource Files\Resources\MetroStyle</Filter>
    </Image>
    <Image Include="Resources\MetroStyle\physics.png">
      <Filter>Resource Files\Resources\MetroStyle</Filter>
    </Image>
    <Image Include="Resources\MetroStyle\pictures.png">
      <Filter>Resource Files\Resources\MetroStyle</Filter>
    </Image>
    <Image Include="Resources\MetroStyle\pie.png">
      <Filter>Resource Files\Resources\MetroStyle</Filter>
    </Image>
    <Image Include="Resources\MetroStyle\pie1.png">
      <Filter>Resource Files\Resources\MetroStyle</Filter>
    </Image>
    <Image Include="Resources\MetroStyle\pin.png">
      <Filter>Resource Files\Resources\MetroStyle</Filter>
    </Image>
    <Image Include="Resources\MetroStyle\ping_pong.png">
      <Filter>Resource Files\Resources\MetroStyle</Filter>
    </Image>
    <Image Include="Resources\MetroStyle\planner.png">
      <Filter>Resource Files\Resources\MetroStyle</Filter>
    </Image>
    <Image Include="Resources\MetroStyle\play.png">
      <Filter>Resource Files\Resources\MetroStyle</Filter>
    </Image>
    <Image Include="Resources\MetroStyle\playDown.png">
      <Filter>Resource Files\Resources\MetroStyle</Filter>
    </Image>
    <Image Include="Resources\MetroStyle\plus.png">
      <Filter>Resource Files\Resources\MetroStyle</Filter>
    </Image>
    <Image Include="Resources\MetroStyle\png.png">
      <Filter>Resource Files\Resources\MetroStyle</Filter>
    </Image>
    <Image Include="Resources\MetroStyle\pocket_lantern.png">
      <Filter>Resource Files\Resources\MetroStyle</Filter>
    </Image>
    <Image Include="Resources\MetroStyle\poll_topic.png">
      <Filter>Resource Files\Resources\MetroStyle</Filter>
    </Image>
    <Image Include="Resources\MetroStyle\poo.png">
      <Filter>Resource Files\Resources\MetroStyle</Filter>
    </Image>
    <Image Include="Resources\MetroStyle\popular_topic.png">
      <Filter>Resource Files\Resources\MetroStyle</Filter>
    </Image>
    <Image Include="Resources\MetroStyle\positive_dynamic.png">
      <Filter>Resource Files\Resources\MetroStyle</Filter>
    </Image>
    <Image Include="Resources\MetroStyle\powerpoint.png">
      <Filter>Resource Files\Resources\MetroStyle</Filter>
    </Image>
    <Image Include="Resources\MetroStyle\price_tag.png">
      <Filter>Resource Files\Resources\MetroStyle</Filter>
    </Image>
    <Image Include="Resources\MetroStyle\price_tag_euro.png">
      <Filter>Resource Files\Resources\MetroStyle</Filter>
    </Image>
    <Image Include="Resources\MetroStyle\print.png">
      <Filter>Resource Files\Resources\MetroStyle</Filter>
    </Image>
    <Image Include="Resources\MetroStyle\printer.png">
      <Filter>Resource Files\Resources\MetroStyle</Filter>
    </Image>
    <Image Include="Resources\MetroStyle\private.png">
      <Filter>Resource Files\Resources\MetroStyle</Filter>
    </Image>
    <Image Include="Resources\MetroStyle\product.png">
      <Filter>Resource Files\Resources\MetroStyle</Filter>
    </Image>
    <Image Include="Resources\MetroStyle\psd.png">
      <Filter>Resource Files\Resources\MetroStyle</Filter>
    </Image>
    <Image Include="Resources\MetroStyle\public.png">
      <Filter>Resource Files\Resources\MetroStyle</Filter>
    </Image>
    <Image Include="Resources\MetroStyle\purse.png">
      <Filter>Resource Files\Resources\MetroStyle</Filter>
    </Image>
    <Image Include="Resources\MetroStyle\puzzle-24.png">
      <Filter>Resource Files\Resources\MetroStyle</Filter>
    </Image>
    <Image Include="Resources\MetroStyle\pyramids.png">
      <Filter>Resource Files\Resources\MetroStyle</Filter>
    </Image>
    <Image Include="Resources\MetroStyle\question.png">
      <Filter>Resource Files\Resources\MetroStyle</Filter>
    </Image>
    <Image Include="Resources\MetroStyle\radio1.png">
      <Filter>Resource Files\Resources\MetroStyle</Filter>
    </Image>
    <Image Include="Resources\MetroStyle\radio2.png">
      <Filter>Resource Files\Resources\MetroStyle</Filter>
    </Image>
    <Image Include="Resources\MetroStyle\railway_station.png">
      <Filter>Resource Files\Resources\MetroStyle</Filter>
    </Image>
    <Image Include="Resources\MetroStyle\rain.png">
      <Filter>Resource Files\Resources\MetroStyle</Filter>
    </Image>
    <Image Include="Resources\MetroStyle\rar.png">
      <Filter>Resource Files\Resources\MetroStyle</Filter>
    </Image>
    <Image Include="Resources\MetroStyle\read_message.png">
      <Filter>Resource Files\Resources\MetroStyle</Filter>
    </Image>
    <Image Include="Resources\MetroStyle\record.png">
      <Filter>Resource Files\Resources\MetroStyle</Filter>
    </Image>
    <Image Include="Resources\MetroStyle\redo.png">
      <Filter>Resource Files\Resources\MetroStyle</Filter>
    </Image>
    <Image Include="Resources\MetroStyle\remove_user.png">
      <Filter>Resource Files\Resources\MetroStyle</Filter>
    </Image>
    <Image Include="Resources\MetroStyle\rename-26.png">
      <Filter>Resource Files\Resources\MetroStyle</Filter>
    </Image>
    <Image Include="Resources\MetroStyle\repeat.png">
      <Filter>Resource Files\Resources\MetroStyle</Filter>
    </Image>
    <Image Include="Resources\MetroStyle\reply.png">
      <Filter>Resource Files\Resources\MetroStyle</Filter>
    </Image>
    <Image Include="Resources\MetroStyle\resize-26.png">
      <Filter>Resource Files\Resources\MetroStyle</Filter>
    </Image>
    <Image Include="Resources\MetroStyle\restart.png">
      <Filter>Resource Files\Resources\MetroStyle</Filter>
    </Image>
    <Image Include="Resources\MetroStyle\restaurant.png">
      <Filter>Resource Files\Resources\MetroStyle</Filter>
    </Image>
    <Image Include="Resources\MetroStyle\rewind.png">
      <Filter>Resource Files\Resources\MetroStyle</Filter>
    </Image>
    <Image Include="Resources\MetroStyle\right.png">
      <Filter>Resource Files\Resources\MetroStyle</Filter>
    </Image>
    <Image Include="Resources\MetroStyle\right_circular.png">
      <Filter>Resource Files\Resources\MetroStyle</Filter>
    </Image>
    <Image Include="Resources\MetroStyle\road.png">
      <Filter>Resource Files\Resources\MetroStyle</Filter>
    </Image>
    <Image Include="Resources\MetroStyle\roller_brush-26.png">
      <Filter>Resource Files\Resources\MetroStyle</Filter>
    </Image>
    <Image Include="Resources\MetroStyle\rotate-26.png">
      <Filter>Resource Files\Resources\MetroStyle</Filter>
    </Image>
    <Image Include="Resources\MetroStyle\rss.png">
      <Filter>Resource Files\Resources\MetroStyle</Filter>
    </Image>
    <Image Include="Resources\MetroStyle\rss2-32.png">
      <Filter>Resource Files\Resources\MetroStyle</Filter>
    </Image>
    <Image Include="Resources\MetroStyle\rss-32.png">
      <Filter>Resource Files\Resources\MetroStyle</Filter>
    </Image>
    <Image Include="Resources\MetroStyle\rugby.png">
      <Filter>Resource Files\Resources\MetroStyle</Filter>
    </Image>
    <Image Include="Resources\MetroStyle\ruler.png">
      <Filter>Resource Files\Resources\MetroStyle</Filter>
    </Image>
    <Image Include="Resources\MetroStyle\sad.png">
      <Filter>Resource Files\Resources\MetroStyle</Filter>
    </Image>
    <Image Include="Resources\MetroStyle\sale.png">
      <Filter>Resource Files\Resources\MetroStyle</Filter>
    </Image>
    <Image Include="Resources\MetroStyle\salt_shaker.png">
      <Filter>Resource Files\Resources\MetroStyle</Filter>
    </Image>
    <Image Include="Resources\MetroStyle\sandglass.png">
      <Filter>Resource Files\Resources\MetroStyle</Filter>
    </Image>
    <Image Include="Resources\MetroStyle\save_as.png">
      <Filter>Resource Files\Resources\MetroStyle</Filter>
    </Image>
    <Image Include="Resources\MetroStyle\save_as-26.png">
      <Filter>Resource Files\Resources\MetroStyle</Filter>
    </Image>
    <Image Include="Resources\MetroStyle\scales.png">
      <Filter>Resource Files\Resources\MetroStyle</Filter>
    </Image>
    <Image Include="Resources\MetroStyle\scanner.png">
      <Filter>Resource Files\Resources\MetroStyle</Filter>
    </Image>
    <Image Include="Resources\MetroStyle\sci_fi.png">
      <Filter>Resource Files\Resources\MetroStyle</Filter>
    </Image>
    <Image Include="Resources\MetroStyle\scooter.png">
      <Filter>Resource Files\Resources\MetroStyle</Filter>
    </Image>
    <Image Include="Resources\MetroStyle\scv.png">
      <Filter>Resource Files\Resources\MetroStyle</Filter>
    </Image>
    <Image Include="Resources\MetroStyle\search.png">
      <Filter>Resource Files\Resources\MetroStyle</Filter>
    </Image>
    <Image Include="Resources\MetroStyle\services.png">
      <Filter>Resource Files\Resources\MetroStyle</Filter>
    </Image>
    <Image Include="Resources\MetroStyle\settings.png">
      <Filter>Resource Files\Resources\MetroStyle</Filter>
    </Image>
    <Image Include="Resources\MetroStyle\settings2.png">
      <Filter>Resource Files\Resources\MetroStyle</Filter>
    </Image>
    <Image Include="Resources\MetroStyle\ship.png">
      <Filter>Resource Files\Resources\MetroStyle</Filter>
    </Image>
    <Image Include="Resources\MetroStyle\shop.png">
      <Filter>Resource Files\Resources\MetroStyle</Filter>
    </Image>
    <Image Include="Resources\MetroStyle\shoping_bag.png">
      <Filter>Resource Files\Resources\MetroStyle</Filter>
    </Image>
    <Image Include="Resources\MetroStyle\shoping_cart.png">
      <Filter>Resource Files\Resources\MetroStyle</Filter>
    </Image>
    <Image Include="Resources\MetroStyle\shoping_cart_filled.png">
      <Filter>Resource Files\Resources\MetroStyle</Filter>
    </Image>
    <Image Include="Resources\MetroStyle\shopping_basket.png">
      <Filter>Resource Files\Resources\MetroStyle</Filter>
    </Image>
    <Image Include="Resources\MetroStyle\shuffle.png">
      <Filter>Resource Files\Resources\MetroStyle</Filter>
    </Image>
    <Image Include="Resources\MetroStyle\signal_horn.png">
      <Filter>Resource Files\Resources\MetroStyle</Filter>
    </Image>
    <Image Include="Resources\MetroStyle\sinchronize.png">
      <Filter>Resource Files\Resources\MetroStyle</Filter>
    </Image>
    <Image Include="Resources\MetroStyle\skip_to_start.png">
      <Filter>Resource Files\Resources\MetroStyle</Filter>
    </Image>
    <Image Include="Resources\MetroStyle\sleeping.png">
      <Filter>Resource Files\Resources\MetroStyle</Filter>
    </Image>
    <Image Include="Resources\MetroStyle\slot_machine.png">
      <Filter>Resource Files\Resources\MetroStyle</Filter>
    </Image>
    <Image Include="Resources\MetroStyle\slr_back_side_filled-25.png">
      <Filter>Resource Files\Resources\MetroStyle</Filter>
    </Image>
    <Image Include="Resources\MetroStyle\slr_camera.png">
      <Filter>Resource Files\Resources\MetroStyle</Filter>
    </Image>
    <Image Include="Resources\MetroStyle\slr_camera2.png">
      <Filter>Resource Files\Resources\MetroStyle</Filter>
    </Image>
    <Image Include="Resources\MetroStyle\snow.png">
      <Filter>Resource Files\Resources\MetroStyle</Filter>
    </Image>
    <Image Include="Resources\MetroStyle\snow_storm.png">
      <Filter>Resource Files\Resources\MetroStyle</Filter>
    </Image>
    <Image Include="Resources\MetroStyle\sofa.png">
      <Filter>Resource Files\Resources\MetroStyle</Filter>
    </Image>
    <Image Include="Resources\MetroStyle\SolidBox.png">
      <Filter>Resource Files\Resources\MetroStyle</Filter>
    </Image>
    <Image Include="Resources\MetroStyle\solutions.png">
      <Filter>Resource Files\Resources\MetroStyle</Filter>
    </Image>
    <Image Include="Resources\MetroStyle\spades.png">
      <Filter>Resource Files\Resources\MetroStyle</Filter>
    </Image>
    <Image Include="Resources\MetroStyle\speech_bubble.png">
      <Filter>Resource Files\Resources\MetroStyle</Filter>
    </Image>
    <Image Include="Resources\MetroStyle\spoon.png">
      <Filter>Resource Files\Resources\MetroStyle</Filter>
    </Image>
    <Image Include="Resources\MetroStyle\sport.png">
      <Filter>Resource Files\Resources\MetroStyle</Filter>
    </Image>
    <Image Include="Resources\MetroStyle\ssd.png">
      <Filter>Resource Files\Resources\MetroStyle</Filter>
    </Image>
    <Image Include="Resources\MetroStyle\stack.png">
      <Filter>Resource Files\Resources\MetroStyle</Filter>
    </Image>
    <Image Include="Resources\MetroStyle\stadium.png">
      <Filter>Resource Files\Resources\MetroStyle</Filter>
    </Image>
    <Image Include="Resources\MetroStyle\star.png">
      <Filter>Resource Files\Resources\MetroStyle</Filter>
    </Image>
    <Image Include="Resources\MetroStyle\statistics.png">
      <Filter>Resource Files\Resources\MetroStyle</Filter>
    </Image>
    <Image Include="Resources\MetroStyle\steam.png">
      <Filter>Resource Files\Resources\MetroStyle</Filter>
    </Image>
    <Image Include="Resources\MetroStyle\stop.png">
      <Filter>Resource Files\Resources\MetroStyle</Filter>
    </Image>
    <Image Include="Resources\MetroStyle\stopwatch.png">
      <Filter>Resource Files\Resources\MetroStyle</Filter>
    </Image>
    <Image Include="Resources\MetroStyle\storm.png">
      <Filter>Resource Files\Resources\MetroStyle</Filter>
    </Image>
    <Image Include="Resources\MetroStyle\stylesheet-branch-closed.png">
      <Filter>Resource Files\Resources\MetroStyle</Filter>
    </Image>
    <Image Include="Resources\MetroStyle\stylesheet-branch-closed-noSibling.png">
      <Filter>Resource Files\Resources\MetroStyle</Filter>
    </Image>
    <Image Include="Resources\MetroStyle\stylesheet-branch-end.png">
      <Filter>Resource Files\Resources\MetroStyle</Filter>
    </Image>
    <Image Include="Resources\MetroStyle\stylesheet-branch-more.png">
      <Filter>Resource Files\Resources\MetroStyle</Filter>
    </Image>
    <Image Include="Resources\MetroStyle\stylesheet-branch-open.png">
      <Filter>Resource Files\Resources\MetroStyle</Filter>
    </Image>
    <Image Include="Resources\MetroStyle\stylesheet-branch-open-noSibling.png">
      <Filter>Resource Files\Resources\MetroStyle</Filter>
    </Image>
    <Image Include="Resources\MetroStyle\stylesheet-vline.png">
      <Filter>Resource Files\Resources\MetroStyle</Filter>
    </Image>
    <Image Include="Resources\MetroStyle\sun.png">
      <Filter>Resource Files\Resources\MetroStyle</Filter>
    </Image>
    <Image Include="Resources\MetroStyle\support.png">
      <Filter>Resource Files\Resources\MetroStyle</Filter>
    </Image>
    <Image Include="Resources\MetroStyle\surprised.png">
      <Filter>Resource Files\Resources\MetroStyle</Filter>
    </Image>
    <Image Include="Resources\MetroStyle\table.png">
      <Filter>Resource Files\Resources\MetroStyle</Filter>
    </Image>
    <Image Include="Resources\MetroStyle\tag.png">
      <Filter>Resource Files\Resources\MetroStyle</Filter>
    </Image>
    <Image Include="Resources\MetroStyle\talk.png">
      <Filter>Resource Files\Resources\MetroStyle</Filter>
    </Image>
    <Image Include="Resources\MetroStyle\taxi.png">
      <Filter>Resource Files\Resources\MetroStyle</Filter>
    </Image>
    <Image Include="Resources\MetroStyle\teapot.png">
      <Filter>Resource Files\Resources\MetroStyle</Filter>
    </Image>
    <Image Include="Resources\MetroStyle\tear_off_calendar.png">
      <Filter>Resource Files\Resources\MetroStyle</Filter>
    </Image>
    <Image Include="Resources\MetroStyle\tennis.png">
      <Filter>Resource Files\Resources\MetroStyle</Filter>
    </Image>
    <Image Include="Resources\MetroStyle\theatre_masks.png">
      <Filter>Resource Files\Resources\MetroStyle</Filter>
    </Image>
    <Image Include="Resources\MetroStyle\thumbs_down.png">
      <Filter>Resource Files\Resources\MetroStyle</Filter>
    </Image>
    <Image Include="Resources\MetroStyle\thumbs_up.png">
      <Filter>Resource Files\Resources\MetroStyle</Filter>
    </Image>
    <Image Include="Resources\MetroStyle\ticket.png">
      <Filter>Resource Files\Resources\MetroStyle</Filter>
    </Image>
    <Image Include="Resources\MetroStyle\ticketAdd.png">
      <Filter>Resource Files\Resources\MetroStyle</Filter>
    </Image>
    <Image Include="Resources\MetroStyle\tongue.png">
      <Filter>Resource Files\Resources\MetroStyle</Filter>
    </Image>
    <Image Include="Resources\MetroStyle\tool_box.png">
      <Filter>Resource Files\Resources\MetroStyle</Filter>
    </Image>
    <Image Include="Resources\MetroStyle\topic.png">
      <Filter>Resource Files\Resources\MetroStyle</Filter>
    </Image>
    <Image Include="Resources\MetroStyle\tractor.png">
      <Filter>Resource Files\Resources\MetroStyle</Filter>
    </Image>
    <Image Include="Resources\MetroStyle\tragedy_mask.png">
      <Filter>Resource Files\Resources\MetroStyle</Filter>
    </Image>
    <Image Include="Resources\MetroStyle\trailer.png">
      <Filter>Resource Files\Resources\MetroStyle</Filter>
    </Image>
    <Image Include="Resources\MetroStyle\train.png">
      <Filter>Resource Files\Resources\MetroStyle</Filter>
    </Image>
    <Image Include="Resources\MetroStyle\tram.png">
      <Filter>Resource Files\Resources\MetroStyle</Filter>
    </Image>
    <Image Include="Resources\MetroStyle\tram2.png">
      <Filter>Resource Files\Resources\MetroStyle</Filter>
    </Image>
    <Image Include="Resources\MetroStyle\treble_clef.png">
      <Filter>Resource Files\Resources\MetroStyle</Filter>
    </Image>
    <Image Include="Resources\MetroStyle\triller.png">
      <Filter>Resource Files\Resources\MetroStyle</Filter>
    </Image>
    <Image Include="Resources\MetroStyle\trolleybus.png">
      <Filter>Resource Files\Resources\MetroStyle</Filter>
    </Image>
    <Image Include="Resources\MetroStyle\truck.png">
      <Filter>Resource Files\Resources\MetroStyle</Filter>
    </Image>
    <Image Include="Resources\MetroStyle\tv.png">
      <Filter>Resource Files\Resources\MetroStyle</Filter>
    </Image>
    <Image Include="Resources\MetroStyle\twitter.png">
      <Filter>Resource Files\Resources\MetroStyle</Filter>
    </Image>
    <Image Include="Resources\MetroStyle\umbrella.png">
      <Filter>Resource Files\Resources\MetroStyle</Filter>
    </Image>
    <Image Include="Resources\MetroStyle\umbrella-32.png">
      <Filter>Resource Files\Resources\MetroStyle</Filter>
    </Image>
    <Image Include="Resources\MetroStyle\undo.png">
      <Filter>Resource Files\Resources\MetroStyle</Filter>
    </Image>
    <Image Include="Resources\MetroStyle\unlock.png">
      <Filter>Resource Files\Resources\MetroStyle</Filter>
    </Image>
    <Image Include="Resources\MetroStyle\unlock-X.png">
      <Filter>Resource Files\Resources\MetroStyle</Filter>
    </Image>
    <Image Include="Resources\MetroStyle\unlock-Y.png">
      <Filter>Resource Files\Resources\MetroStyle</Filter>
    </Image>
    <Image Include="Resources\MetroStyle\unlock-Z.png">
      <Filter>Resource Files\Resources\MetroStyle</Filter>
    </Image>
    <Image Include="Resources\MetroStyle\up.png">
      <Filter>Resource Files\Resources\MetroStyle</Filter>
    </Image>
    <Image Include="Resources\MetroStyle\up_circular.png">
      <Filter>Resource Files\Resources\MetroStyle</Filter>
    </Image>
    <Image Include="Resources\MetroStyle\up1.png">
      <Filter>Resource Files\Resources\MetroStyle</Filter>
    </Image>
    <Image Include="Resources\MetroStyle\upload.png">
      <Filter>Resource Files\Resources\MetroStyle</Filter>
    </Image>
    <Image Include="Resources\MetroStyle\user.png">
      <Filter>Resource Files\Resources\MetroStyle</Filter>
    </Image>
    <Image Include="Resources\MetroStyle\variable.png">
      <Filter>Resource Files\Resources\MetroStyle</Filter>
    </Image>
    <Image Include="Resources\MetroStyle\very_popular_topic.png">
      <Filter>Resource Files\Resources\MetroStyle</Filter>
    </Image>
    <Image Include="Resources\MetroStyle\video_projector.png">
      <Filter>Resource Files\Resources\MetroStyle</Filter>
    </Image>
    <Image Include="Resources\MetroStyle\violin.png">
      <Filter>Resource Files\Resources\MetroStyle</Filter>
    </Image>
    <Image Include="Resources\MetroStyle\vkontakte.png">
      <Filter>Resource Files\Resources\MetroStyle</Filter>
    </Image>
    <Image Include="Resources\MetroStyle\voip_gateway.png">
      <Filter>Resource Files\Resources\MetroStyle</Filter>
    </Image>
    <Image Include="Resources\MetroStyle\volume_down.png">
      <Filter>Resource Files\Resources\MetroStyle</Filter>
    </Image>
    <Image Include="Resources\MetroStyle\volume_up.png">
      <Filter>Resource Files\Resources\MetroStyle</Filter>
    </Image>
    <Image Include="Resources\MetroStyle\wallet.png">
      <Filter>Resource Files\Resources\MetroStyle</Filter>
    </Image>
    <Image Include="Resources\MetroStyle\wardrobe.png">
      <Filter>Resource Files\Resources\MetroStyle</Filter>
    </Image>
    <Image Include="Resources\MetroStyle\washing_machine.png">
      <Filter>Resource Files\Resources\MetroStyle</Filter>
    </Image>
    <Image Include="Resources\MetroStyle\watch.png">
      <Filter>Resource Files\Resources\MetroStyle</Filter>
    </Image>
    <Image Include="Resources\MetroStyle\webcam.png">
      <Filter>Resource Files\Resources\MetroStyle</Filter>
    </Image>
    <Image Include="Resources\MetroStyle\western.png">
      <Filter>Resource Files\Resources\MetroStyle</Filter>
    </Image>
    <Image Include="Resources\MetroStyle\wheel.png">
      <Filter>Resource Files\Resources\MetroStyle</Filter>
    </Image>
    <Image Include="Resources\MetroStyle\widescreen_tv.png">
      <Filter>Resource Files\Resources\MetroStyle</Filter>
    </Image>
    <Image Include="Resources\MetroStyle\WireBox.png">
      <Filter>Resource Files\Resources\MetroStyle</Filter>
    </Image>
    <Image Include="Resources\MetroStyle\wired_network.png">
      <Filter>Resource Files\Resources\MetroStyle</Filter>
    </Image>
    <Image Include="Resources\MetroStyle\zip.png">
      <Filter>Resource Files\Resources\MetroStyle</Filter>
    </Image>
    <Image Include="Resources\MetroStyle\action.png">
      <Filter>Resource Files\Resources\MetroStyle</Filter>
    </Image>
    <Image Include="Resources\MetroStyle\advertising.png">
      <Filter>Resource Files\Resources\MetroStyle</Filter>
    </Image>
    <Image Include="Resources\MetroStyle\ai.png">
      <Filter>Resource Files\Resources\MetroStyle</Filter>
    </Image>
    <Image Include="Resources\MetroStyle\airplane_landing.png">
      <Filter>Resource Files\Resources\MetroStyle</Filter>
    </Image>
    <Image Include="Resources\MetroStyle\airplane_take_off.png">
      <Filter>Resource Files\Resources\MetroStyle</Filter>
    </Image>
    <Image Include="Resources\MetroStyle\airport.png">
      <Filter>Resource Files\Resources\MetroStyle</Filter>
    </Image>
    <Image Include="Resources\MetroStyle\android.png">
      <Filter>Resource Files\Resources\MetroStyle</Filter>
    </Image>
    <Image Include="Resources\MetroStyle\applouse.png">
      <Filter>Resource Files\Resources\MetroStyle</Filter>
    </Image>
    <Image Include="Resources\MetroStyle\armchair.png">
      <Filter>Resource Files\Resources\MetroStyle</Filter>
    </Image>
    <Image Include="Resources\MetroStyle\carrot.png">
      <Filter>Resource Files\Resources\MetroStyle</Filter>
    </Image>
    <Image Include="Resources\MetroStyle\church.png">
      <Filter>Resource Files\Resources\MetroStyle</Filter>
    </Image>
    <Image Include="Resources\MetroStyle\clover.png">
      <Filter>Resource Files\Resources\MetroStyle</Filter>
    </Image>
    <Image Include="Resources\MetroStyle\clubs.png">
      <Filter>Resource Files\Resources\MetroStyle</Filter>
    </Image>
    <Image Include="Resources\MetroStyle\coffee_maker.png">
      <Filter>Resource Files\Resources\MetroStyle</Filter>
    </Image>
    <Image Include="Resources\MetroStyle\coins.png">
      <Filter>Resource Files\Resources\MetroStyle</Filter>
    </Image>
    <Image Include="Resources\MetroStyle\comedy2.png">
      <Filter>Resource Files\Resources\MetroStyle</Filter>
    </Image>
    <Image Include="Resources\MetroStyle\electric_teapot.png">
      <Filter>Resource Files\Resources\MetroStyle</Filter>
    </Image>
    <Image Include="Resources\MetroStyle\facebook.png">
      <Filter>Resource Files\Resources\MetroStyle</Filter>
    </Image>
    <Image Include="Resources\MetroStyle\iphone.png">
      <Filter>Resource Files\Resources\MetroStyle</Filter>
    </Image>
    <Image Include="Resources\MetroStyle\joker.png">
      <Filter>Resource Files\Resources\MetroStyle</Filter>
    </Image>
    <Image Include="Resources\MetroStyle\lol.png">
      <Filter>Resource Files\Resources\MetroStyle</Filter>
    </Image>
    <Image Include="Resources\MetroStyle\lyre.png">
      <Filter>Resource Files\Resources\MetroStyle</Filter>
    </Image>
    <Image Include="Resources\MetroStyle\mac_client.png">
      <Filter>Resource Files\Resources\MetroStyle</Filter>
    </Image>
    <Image Include="Resources\MetroStyle\sheep.png">
      <Filter>Resource Files\Resources\MetroStyle</Filter>
    </Image>
    <Image Include="Resources\MetroStyle\sheep_on_bike.png">
      <Filter>Resource Files\Resources\MetroStyle</Filter>
    </Image>
    <Image Include="Resources\MetroStyle\wifi.png">
      <Filter>Resource Files\Resources\MetroStyle</Filter>
    </Image>
    <Image Include="Resources\MetroStyle\win.png">
      <Filter>Resource Files\Resources\MetroStyle</Filter>
    </Image>
    <Image Include="Resources\MetroStyle\windows.png">
      <Filter>Resource Files\Resources\MetroStyle</Filter>
    </Image>
    <Image Include="Resources\MetroStyle\windows_client.png">
      <Filter>Resource Files\Resources\MetroStyle</Filter>
    </Image>
    <Image Include="Resources\MetroStyle\wink.png">
      <Filter>Resource Files\Resources\MetroStyle</Filter>
    </Image>
    <Image Include="Resources\MetroStyle\wma.png">
      <Filter>Resource Files\Resources\MetroStyle</Filter>
    </Image>
    <Image Include="Resources\MetroStyle\word.png">
      <Filter>Resource Files\Resources\MetroStyle</Filter>
    </Image>
    <Image Include="Resources\MetroStyle\youtube.png">
      <Filter>Resource Files\Resources\MetroStyle</Filter>
    </Image>
    <Image Include="Resources\MetroStyle\paper-26.png">
      <Filter>Resource Files\Resources\MetroStyle</Filter>
    </Image>
    <Image Include="Resources\MetroStyle\geography-25.png">
      <Filter>Resource Files\Resources\MetroStyle</Filter>
    </Image>
  </ItemGroup>
  <ItemGroup>
    <ClInclude Include="GeneratedFiles\ui_GEW_FlareProperty.h">
      <Filter>Generated Files</Filter>
    </ClInclude>
    <ClInclude Include="GeneratedFiles\ui_GEW_ItemList.h">
      <Filter>Generated Files</Filter>
    </ClInclude>
    <ClInclude Include="GeneratedFiles\ui_GEW_ModelProperty.h">
      <Filter>Generated Files</Filter>
    </ClInclude>
    <ClInclude Include="GeneratedFiles\ui_GEW_PostprocessProperty.h">
      <Filter>Generated Files</Filter>
    </ClInclude>
    <ClInclude Include="GeneratedFiles\ui_GEW_LightProperty.h">
      <Filter>Generated Files</Filter>
    </ClInclude>
    <ClInclude Include="GeneratedFiles\ui_GEW_DecalProperty.h">
      <Filter>Generated Files</Filter>
    </ClInclude>
    <ClInclude Include="GeneratedFiles\ui_GEW_MaterialEditorDialog.h">
      <Filter>Generated Files</Filter>
    </ClInclude>
    <ClInclude Include="GeneratedFiles\ui_GEW_Propeties.h">
      <Filter>Generated Files</Filter>
    </ClInclude>
    <ClInclude Include="GeneratedFiles\ui_Geditor.h">
      <Filter>Generated Files</Filter>
    </ClInclude>
    <ClInclude Include="GeneratedFiles\ui_GEW_Prs.h">
      <Filter>Generated Files</Filter>
    </ClInclude>
    <ClInclude Include="GeneratedFiles\ui_GEW_SelectItemDialog.h">
      <Filter>Generated Files</Filter>
    </ClInclude>
    <ClInclude Include="GeneratedFiles\ui_GEW_Setting.h">
      <Filter>Generated Files</Filter>
    </ClInclude>
    <ClInclude Include="GeneratedFiles\ui_GEW_TerrainProperty.h">
      <Filter>Generated Files</Filter>
    </ClInclude>
    <ClInclude Include="GeneratedFiles\ui_GEW_EnvironmentProbeProperty.h">
      <Filter>Generated Files</Filter>
    </ClInclude>
    <ClInclude Include="GeneratedFiles\ui_GEW_PxMaterialEditorDialog.h">
      <Filter>Generated Files</Filter>
    </ClInclude>
    <ClInclude Include="GEW_Camera.h">
      <Filter>Header Files</Filter>
    </ClInclude>
    <ClInclude Include="GEW_Decal.h">
      <Filter>Header Files</Filter>
    </ClInclude>
    <ClInclude Include="GEW_Entity.h">
      <Filter>Header Files</Filter>
    </ClInclude>
    <ClInclude Include="GEW_EnvironmentProbe.h">
      <Filter>Header Files</Filter>
    </ClInclude>
    <ClInclude Include="GEW_Flare.h">
      <Filter>Header Files</Filter>
    </ClInclude>
    <ClInclude Include="GEW_Group.h">
      <Filter>Header Files</Filter>
    </ClInclude>
    <ClInclude Include="GEW_Input.h">
      <Filter>Header Files</Filter>
    </ClInclude>
    <ClInclude Include="GEW_Item.h">
      <Filter>Header Files</Filter>
    </ClInclude>
    <ClInclude Include="GEW_Light.h">
      <Filter>Header Files</Filter>
    </ClInclude>
    <ClInclude Include="GEW_Material.h">
      <Filter>Header Files</Filter>
    </ClInclude>
    <ClInclude Include="GEW_Model.h">
      <Filter>Header Files</Filter>
    </ClInclude>
    <ClInclude Include="GEW_Path.h">
      <Filter>Header Files</Filter>
    </ClInclude>
    <ClInclude Include="GEW_Physics.h">
      <Filter>Header Files</Filter>
    </ClInclude>
    <ClInclude Include="GEW_Postprocess.h">
      <Filter>Header Files</Filter>
    </ClInclude>
    <ClInclude Include="GEW_Scene.h">
      <Filter>Header Files</Filter>
    </ClInclude>
    <ClInclude Include="GEW_Screenshot.h">
      <Filter>Header Files</Filter>
    </ClInclude>
    <ClInclude Include="GEW_Terrain.h">
      <Filter>Header Files</Filter>
    </ClInclude>
    <ClInclude Include="GEW_Text.h">
      <Filter>Header Files</Filter>
    </ClInclude>
    <ClInclude Include="GEW_Triad.h">
      <Filter>Header Files</Filter>
    </ClInclude>
    <ClInclude Include="GEW_Utility.h">
      <Filter>Header Files</Filter>
    </ClInclude>
    <ClInclude Include="MemoryLeakDetect.h">
      <Filter>Header Files</Filter>
    </ClInclude>
    <ClInclude Include="PxTkStream.h">
      <Filter>Header Files</Filter>
    </ClInclude>
    <ClInclude Include="GeneratedFiles\ui_GEW_DefaultCameraProperty.h">
      <Filter>Generated Files</Filter>
    </ClInclude>
    <ClInclude Include="GeneratedFiles\ui_GEW_ScreenshotProperty.h">
      <Filter>Generated Files</Filter>
    </ClInclude>
    <ClInclude Include="GEW_DefaultCamera.h">
      <Filter>Header Files</Filter>
    </ClInclude>
    <ClInclude Include="GeneratedFiles\ui_GEW_EntityBindDialog.h">
      <Filter>Generated Files</Filter>
    </ClInclude>
    <ClInclude Include="GeneratedFiles\ui_GEW_EntityPtoperty.h">
      <Filter>Generated Files</Filter>
    </ClInclude>
  </ItemGroup>
  <ItemGroup>
    <None Include="..\Bin\GEditorData\Style.css">
      <Filter>Resource Files</Filter>
    </None>
    <None Include="Shaders\GEW_Terrain\GEW_T_PS_HeightSculptTemplate.hlsli">
      <Filter>Shaders\Terrain</Filter>
    </None>
    <None Include="Shaders\GEW_Terrain\GEW_T_PS_MaskSculptTemplate.hlsli">
      <Filter>Shaders\Terrain</Filter>
    </None>
    <None Include="Shaders\GEW_Terrain\GEW_Terrain.hlsli">
      <Filter>Shaders\Terrain</Filter>
    </None>
    <None Include="GEW_Physics.inl">
      <Filter>Header Files</Filter>
    </None>
  </ItemGroup>
  <ItemGroup>
    <FxCompile Include="Shaders\GEW_Terrain\GEW_T_PS_BrushDecal.hlsl">
      <Filter>Shaders\Terrain</Filter>
    </FxCompile>
    <FxCompile Include="Shaders\GEW_Terrain\GEW_T_PS_HeightCopy.hlsl">
      <Filter>Shaders\Terrain</Filter>
    </FxCompile>
    <FxCompile Include="Shaders\GEW_Terrain\GEW_T_PS_HeightSculptFlat.hlsl">
      <Filter>Shaders\Terrain</Filter>
    </FxCompile>
    <FxCompile Include="Shaders\GEW_Terrain\GEW_T_PS_HeightSculptNegative.hlsl">
      <Filter>Shaders\Terrain</Filter>
    </FxCompile>
    <FxCompile Include="Shaders\GEW_Terrain\GEW_T_PS_HeightSculptNegativeMask.hlsl">
      <Filter>Shaders\Terrain</Filter>
    </FxCompile>
    <FxCompile Include="Shaders\GEW_Terrain\GEW_T_PS_HeightSculptPositive.hlsl">
      <Filter>Shaders\Terrain</Filter>
    </FxCompile>
    <FxCompile Include="Shaders\GEW_Terrain\GEW_T_PS_HeightSculptPositiveMask.hlsl">
      <Filter>Shaders\Terrain</Filter>
    </FxCompile>
    <FxCompile Include="Shaders\GEW_Terrain\GEW_T_PS_HeightSculptSmooth.hlsl">
      <Filter>Shaders\Terrain</Filter>
    </FxCompile>
    <FxCompile Include="Shaders\GEW_Terrain\GEW_T_PS_HeightSculptSmoothMask.hlsl">
      <Filter>Shaders\Terrain</Filter>
    </FxCompile>
    <FxCompile Include="Shaders\GEW_Terrain\GEW_T_PS_MaskCopy.hlsl">
      <Filter>Shaders\Terrain</Filter>
    </FxCompile>
    <FxCompile Include="Shaders\GEW_Terrain\GEW_T_PS_MaskSculptFlat.hlsl">
      <Filter>Shaders\Terrain</Filter>
    </FxCompile>
    <FxCompile Include="Shaders\GEW_Terrain\GEW_T_PS_MaskSculptNegative.hlsl">
      <Filter>Shaders\Terrain</Filter>
    </FxCompile>
    <FxCompile Include="Shaders\GEW_Terrain\GEW_T_PS_MaskSculptNegativeMask.hlsl">
      <Filter>Shaders\Terrain</Filter>
    </FxCompile>
    <FxCompile Include="Shaders\GEW_Terrain\GEW_T_PS_MaskSculptPositive.hlsl">
      <Filter>Shaders\Terrain</Filter>
    </FxCompile>
    <FxCompile Include="Shaders\GEW_Terrain\GEW_T_PS_MaskSculptPositiveMask.hlsl">
      <Filter>Shaders\Terrain</Filter>
    </FxCompile>
    <FxCompile Include="Shaders\GEW_Terrain\GEW_T_PS_MaskSculptSmooth.hlsl">
      <Filter>Shaders\Terrain</Filter>
    </FxCompile>
    <FxCompile Include="Shaders\GEW_Terrain\GEW_T_PS_MaskSculptSmoothMask.hlsl">
      <Filter>Shaders\Terrain</Filter>
    </FxCompile>
    <FxCompile Include="Shaders\GEW_Terrain\GEW_T_VS.hlsl">
      <Filter>Shaders\Terrain</Filter>
    </FxCompile>
  </ItemGroup>
</Project>